
Microsoft Visual Studio Solution File, Format Version 12.00
# Visual Studio Version 17
VisualStudioVersion = 17.8.34330.188
MinimumVisualStudioVersion = 10.0.40219.1
Project("{FAE04EC0-301F-11D3-BF4B-00C04F79EFBC}") = "Repo1", "Repo1.csproj", "{9DCF1DE0-D381-46EB-8D4F-E63244301799}"
EndProject
Global
	GlobalSection(SolutionConfigurationPlatforms) = preSolution
		Debug|Any CPU = Debug|Any CPU
		Release|Any CPU = Release|Any CPU
	EndGlobalSection
	GlobalSection(ProjectConfigurationPlatforms) = postSolution
		{9DCF1DE0-D381-46EB-8D4F-E63244301799}.Debug|Any CPU.ActiveCfg = Debug|Any CPU
		{9DCF1DE0-D381-46EB-8D4F-E63244301799}.Debug|Any CPU.Build.0 = Debug|Any CPU
		{9DCF1DE0-D381-46EB-8D4F-E63244301799}.Release|Any CPU.ActiveCfg = Release|Any CPU
		{9DCF1DE0-D381-46EB-8D4F-E63244301799}.Release|Any CPU.Build.0 = Release|Any CPU
	EndGlobalSection
	GlobalSection(SolutionProperties) = preSolution
		HideSolutionNode = FALSE
	EndGlobalSection
	GlobalSection(ExtensibilityGlobals) = postSolution
		SolutionGuid = {54BC74EB-9611-4ED9-B328-A16F7168B961}
	EndGlobalSection
EndGlobal
